
Microsoft Visual Studio Solution File, Format Version 12.00
# Visual Studio Version 17
VisualStudioVersion = 17.4.33103.184
MinimumVisualStudioVersion = 10.0.40219.1
Project("{9A19103F-16F7-4668-BE54-9A1E7A4F7556}") = "TestTimePrediction", "TestTimePrediction\TestTimePrediction.csproj", "{386A2D4A-3EE8-4E6C-8F8F-6D31B336F1F7}"
EndProject
Project("{FAE04EC0-301F-11D3-BF4B-00C04F79EFBC}") = "ConnectToPython", "ConnectToPython\ConnectToPython.csproj", "{D06432FD-0738-4D93-81AB-915339E68599}"
EndProject
Global
	GlobalSection(SolutionConfigurationPlatforms) = preSolution
		Debug|Any CPU = Debug|Any CPU
		Release|Any CPU = Release|Any CPU
	EndGlobalSection
	GlobalSection(ProjectConfigurationPlatforms) = postSolution
		{386A2D4A-3EE8-4E6C-8F8F-6D31B336F1F7}.Debug|Any CPU.ActiveCfg = Debug|Any CPU
		{386A2D4A-3EE8-4E6C-8F8F-6D31B336F1F7}.Debug|Any CPU.Build.0 = Debug|Any CPU
		{386A2D4A-3EE8-4E6C-8F8F-6D31B336F1F7}.Release|Any CPU.ActiveCfg = Release|Any CPU
		{386A2D4A-3EE8-4E6C-8F8F-6D31B336F1F7}.Release|Any CPU.Build.0 = Release|Any CPU
		{D06432FD-0738-4D93-81AB-915339E68599}.Debug|Any CPU.ActiveCfg = Debug|Any CPU
		{D06432FD-0738-4D93-81AB-915339E68599}.Debug|Any CPU.Build.0 = Debug|Any CPU
		{D06432FD-0738-4D93-81AB-915339E68599}.Release|Any CPU.ActiveCfg = Release|Any CPU
		{D06432FD-0738-4D93-81AB-915339E68599}.Release|Any CPU.Build.0 = Release|Any CPU
	EndGlobalSection
	GlobalSection(SolutionProperties) = preSolution
		HideSolutionNode = FALSE
	EndGlobalSection
	GlobalSection(ExtensibilityGlobals) = postSolution
		SolutionGuid = {13CAEED7-C23C-481B-8F94-C5A2A0D1BACA}
	EndGlobalSection
EndGlobal
